
Microsoft Visual Studio Solution File, Format Version 12.00
# Visual Studio Version 17
VisualStudioVersion = 17.3.32929.385
MinimumVisualStudioVersion = 10.0.40219.1
Project("{FAE04EC0-301F-11D3-BF4B-00C04F79EFBC}") = "quiz2", "quiz2\quiz2.csproj", "{13F9098C-9ED6-4301-82C4-855E688D5BD3}"
EndProject
Global
	GlobalSection(SolutionConfigurationPlatforms) = preSolution
		Debug|Any CPU = Debug|Any CPU
		Release|Any CPU = Release|Any CPU
	EndGlobalSection
	GlobalSection(ProjectConfigurationPlatforms) = postSolution
		{13F9098C-9ED6-4301-82C4-855E688D5BD3}.Debug|Any CPU.ActiveCfg = Debug|Any CPU
		{13F9098C-9ED6-4301-82C4-855E688D5BD3}.Debug|Any CPU.Build.0 = Debug|Any CPU
		{13F9098C-9ED6-4301-82C4-855E688D5BD3}.Release|Any CPU.ActiveCfg = Release|Any CPU
		{13F9098C-9ED6-4301-82C4-855E688D5BD3}.Release|Any CPU.Build.0 = Release|Any CPU
	EndGlobalSection
	GlobalSection(SolutionProperties) = preSolution
		HideSolutionNode = FALSE
	EndGlobalSection
	GlobalSection(ExtensibilityGlobals) = postSolution
		SolutionGuid = {E4FC4779-C8B5-4554-8D1E-9ADED72CD441}
	EndGlobalSection
EndGlobal
