
Microsoft Visual Studio Solution File, Format Version 12.00
# Visual Studio Version 17
VisualStudioVersion = 17.3.32929.385
MinimumVisualStudioVersion = 10.0.40219.1
Project("{FAE04EC0-301F-11D3-BF4B-00C04F79EFBC}") = "assignment2", "assignment2\assignment2.csproj", "{458E19FF-61A2-4D2B-A908-4D640167B2E4}"
EndProject
Global
	GlobalSection(SolutionConfigurationPlatforms) = preSolution
		Debug|Any CPU = Debug|Any CPU
		Release|Any CPU = Release|Any CPU
	EndGlobalSection
	GlobalSection(ProjectConfigurationPlatforms) = postSolution
		{458E19FF-61A2-4D2B-A908-4D640167B2E4}.Debug|Any CPU.ActiveCfg = Debug|Any CPU
		{458E19FF-61A2-4D2B-A908-4D640167B2E4}.Debug|Any CPU.Build.0 = Debug|Any CPU
		{458E19FF-61A2-4D2B-A908-4D640167B2E4}.Release|Any CPU.ActiveCfg = Release|Any CPU
		{458E19FF-61A2-4D2B-A908-4D640167B2E4}.Release|Any CPU.Build.0 = Release|Any CPU
	EndGlobalSection
	GlobalSection(SolutionProperties) = preSolution
		HideSolutionNode = FALSE
	EndGlobalSection
	GlobalSection(ExtensibilityGlobals) = postSolution
		SolutionGuid = {47C97645-93ED-40EF-A55D-9BC620FBF600}
	EndGlobalSection
EndGlobal
