
Microsoft Visual Studio Solution File, Format Version 12.00
# Visual Studio Version 17
VisualStudioVersion = 17.3.32929.385
MinimumVisualStudioVersion = 10.0.40219.1
Project("{FAE04EC0-301F-11D3-BF4B-00C04F79EFBC}") = "CPSC1012-lab6-michaelessex", "Lab6\CPSC1012-lab6-michaelessex.csproj", "{742934E0-FCB0-40C2-9E99-A520D73DDDAC}"
EndProject
Global
	GlobalSection(SolutionConfigurationPlatforms) = preSolution
		Debug|Any CPU = Debug|Any CPU
		Release|Any CPU = Release|Any CPU
	EndGlobalSection
	GlobalSection(ProjectConfigurationPlatforms) = postSolution
		{742934E0-FCB0-40C2-9E99-A520D73DDDAC}.Debug|Any CPU.ActiveCfg = Debug|Any CPU
		{742934E0-FCB0-40C2-9E99-A520D73DDDAC}.Debug|Any CPU.Build.0 = Debug|Any CPU
		{742934E0-FCB0-40C2-9E99-A520D73DDDAC}.Release|Any CPU.ActiveCfg = Release|Any CPU
		{742934E0-FCB0-40C2-9E99-A520D73DDDAC}.Release|Any CPU.Build.0 = Release|Any CPU
	EndGlobalSection
	GlobalSection(SolutionProperties) = preSolution
		HideSolutionNode = FALSE
	EndGlobalSection
	GlobalSection(ExtensibilityGlobals) = postSolution
		SolutionGuid = {6A72668A-E6DB-4328-BEBA-E41517E5CBBD}
	EndGlobalSection
EndGlobal
