
Microsoft Visual Studio Solution File, Format Version 12.00
# Visual Studio Version 17
VisualStudioVersion = 17.3.32929.385
MinimumVisualStudioVersion = 10.0.40219.1
Project("{9A19103F-16F7-4668-BE54-9A1E7A4F7556}") = "Lab2-resubmit-for-view", "Lab2\Lab2-resubmit-for-view.csproj", "{EC979F0F-03F1-44BE-96E9-97409E2D4D82}"
EndProject
Global
	GlobalSection(SolutionConfigurationPlatforms) = preSolution
		Debug|Any CPU = Debug|Any CPU
		Release|Any CPU = Release|Any CPU
	EndGlobalSection
	GlobalSection(ProjectConfigurationPlatforms) = postSolution
		{EC979F0F-03F1-44BE-96E9-97409E2D4D82}.Debug|Any CPU.ActiveCfg = Debug|Any CPU
		{EC979F0F-03F1-44BE-96E9-97409E2D4D82}.Debug|Any CPU.Build.0 = Debug|Any CPU
		{EC979F0F-03F1-44BE-96E9-97409E2D4D82}.Release|Any CPU.ActiveCfg = Release|Any CPU
		{EC979F0F-03F1-44BE-96E9-97409E2D4D82}.Release|Any CPU.Build.0 = Release|Any CPU
	EndGlobalSection
	GlobalSection(SolutionProperties) = preSolution
		HideSolutionNode = FALSE
	EndGlobalSection
	GlobalSection(ExtensibilityGlobals) = postSolution
		SolutionGuid = {14E1A113-50A6-4818-9A97-AB72C2D29F07}
	EndGlobalSection
EndGlobal
