
Microsoft Visual Studio Solution File, Format Version 12.00
# Visual Studio Version 17
VisualStudioVersion = 17.6.33723.286
MinimumVisualStudioVersion = 10.0.40219.1
Project("{FAE04EC0-301F-11D3-BF4B-00C04F79EFBC}") = "Assignment02-MichaelEssex", "Assignment02-MichaelEssex.csproj", "{09FDB02B-B1E7-411E-B4BC-105E723DF915}"
EndProject
Global
	GlobalSection(SolutionConfigurationPlatforms) = preSolution
		Debug|Any CPU = Debug|Any CPU
		Release|Any CPU = Release|Any CPU
	EndGlobalSection
	GlobalSection(ProjectConfigurationPlatforms) = postSolution
		{09FDB02B-B1E7-411E-B4BC-105E723DF915}.Debug|Any CPU.ActiveCfg = Debug|Any CPU
		{09FDB02B-B1E7-411E-B4BC-105E723DF915}.Debug|Any CPU.Build.0 = Debug|Any CPU
		{09FDB02B-B1E7-411E-B4BC-105E723DF915}.Release|Any CPU.ActiveCfg = Release|Any CPU
		{09FDB02B-B1E7-411E-B4BC-105E723DF915}.Release|Any CPU.Build.0 = Release|Any CPU
	EndGlobalSection
	GlobalSection(SolutionProperties) = preSolution
		HideSolutionNode = FALSE
	EndGlobalSection
	GlobalSection(ExtensibilityGlobals) = postSolution
		SolutionGuid = {71CAA6CF-C461-45EC-B0C9-47892EC48B90}
	EndGlobalSection
EndGlobal
